
Microsoft Visual Studio Solution File, Format Version 12.00
# Visual Studio Version 16
VisualStudioVersion = 16.0.30309.148
MinimumVisualStudioVersion = 10.0.40219.1
Project("{FAE04EC0-301F-11D3-BF4B-00C04F79EFBC}") = "MyBank", "MyBank\MyBank.csproj", "{2EC870B4-69A7-41EB-8C21-9D62406A4B6B}"
EndProject
Global
	GlobalSection(SolutionConfigurationPlatforms) = preSolution
		Debug|Any CPU = Debug|Any CPU
		Release|Any CPU = Release|Any CPU
	EndGlobalSection
	GlobalSection(ProjectConfigurationPlatforms) = postSolution
		{2EC870B4-69A7-41EB-8C21-9D62406A4B6B}.Debug|Any CPU.ActiveCfg = Debug|Any CPU
		{2EC870B4-69A7-41EB-8C21-9D62406A4B6B}.Debug|Any CPU.Build.0 = Debug|Any CPU
		{2EC870B4-69A7-41EB-8C21-9D62406A4B6B}.Release|Any CPU.ActiveCfg = Release|Any CPU
		{2EC870B4-69A7-41EB-8C21-9D62406A4B6B}.Release|Any CPU.Build.0 = Release|Any CPU
	EndGlobalSection
	GlobalSection(SolutionProperties) = preSolution
		HideSolutionNode = FALSE
	EndGlobalSection
	GlobalSection(ExtensibilityGlobals) = postSolution
		SolutionGuid = {84191BDA-DB13-4189-A8A3-FE85E0F34C0B}
	EndGlobalSection
EndGlobal
